
Microsoft Visual Studio Solution File, Format Version 12.00
# Visual Studio 15
Project("{FAE04EC0-301F-11D3-BF4B-00C04F79EFBC}") = "Assembly-CSharp", "Assembly-CSharp.csproj", "{C9FFD296-2E8E-CEE4-467B-CD272F5CCC4C}"
EndProject
Project("{FAE04EC0-301F-11D3-BF4B-00C04F79EFBC}") = "Assembly-CSharp-Editor", "Assembly-CSharp-Editor.csproj", "{70F307D4-28B5-2F1E-E04A-E9E20B75D51F}"
EndProject
Global
	GlobalSection(SolutionConfigurationPlatforms) = preSolution
		Debug|Any CPU = Debug|Any CPU
		Release|Any CPU = Release|Any CPU
	EndGlobalSection
	GlobalSection(ProjectConfigurationPlatforms) = postSolution
		{C9FFD296-2E8E-CEE4-467B-CD272F5CCC4C}.Debug|Any CPU.ActiveCfg = Debug|Any CPU
		{C9FFD296-2E8E-CEE4-467B-CD272F5CCC4C}.Debug|Any CPU.Build.0 = Debug|Any CPU
		{C9FFD296-2E8E-CEE4-467B-CD272F5CCC4C}.Release|Any CPU.ActiveCfg = Release|Any CPU
		{C9FFD296-2E8E-CEE4-467B-CD272F5CCC4C}.Release|Any CPU.Build.0 = Release|Any CPU
		{70F307D4-28B5-2F1E-E04A-E9E20B75D51F}.Debug|Any CPU.ActiveCfg = Debug|Any CPU
		{70F307D4-28B5-2F1E-E04A-E9E20B75D51F}.Debug|Any CPU.Build.0 = Debug|Any CPU
		{70F307D4-28B5-2F1E-E04A-E9E20B75D51F}.Release|Any CPU.ActiveCfg = Release|Any CPU
		{70F307D4-28B5-2F1E-E04A-E9E20B75D51F}.Release|Any CPU.Build.0 = Release|Any CPU
	EndGlobalSection
	GlobalSection(SolutionProperties) = preSolution
		HideSolutionNode = FALSE
	EndGlobalSection
EndGlobal
