
Microsoft Visual Studio Solution File, Format Version 12.00
# Visual Studio 15
Project("{FAE04EC0-301F-11D3-BF4B-00C04F79EFBC}") = "Assembly-CSharp", "Assembly-CSharp.csproj", "{B58713C2-0933-3E2F-5653-0359CBB36E29}"
EndProject
Project("{FAE04EC0-301F-11D3-BF4B-00C04F79EFBC}") = "Assembly-CSharp-Editor", "Assembly-CSharp-Editor.csproj", "{2F6455AD-AA9C-5405-423D-0C458AF696DA}"
EndProject
Global
	GlobalSection(SolutionConfigurationPlatforms) = preSolution
		Debug|Any CPU = Debug|Any CPU
		Release|Any CPU = Release|Any CPU
	EndGlobalSection
	GlobalSection(ProjectConfigurationPlatforms) = postSolution
		{B58713C2-0933-3E2F-5653-0359CBB36E29}.Debug|Any CPU.ActiveCfg = Debug|Any CPU
		{B58713C2-0933-3E2F-5653-0359CBB36E29}.Debug|Any CPU.Build.0 = Debug|Any CPU
		{B58713C2-0933-3E2F-5653-0359CBB36E29}.Release|Any CPU.ActiveCfg = Release|Any CPU
		{B58713C2-0933-3E2F-5653-0359CBB36E29}.Release|Any CPU.Build.0 = Release|Any CPU
		{2F6455AD-AA9C-5405-423D-0C458AF696DA}.Debug|Any CPU.ActiveCfg = Debug|Any CPU
		{2F6455AD-AA9C-5405-423D-0C458AF696DA}.Debug|Any CPU.Build.0 = Debug|Any CPU
		{2F6455AD-AA9C-5405-423D-0C458AF696DA}.Release|Any CPU.ActiveCfg = Release|Any CPU
		{2F6455AD-AA9C-5405-423D-0C458AF696DA}.Release|Any CPU.Build.0 = Release|Any CPU
	EndGlobalSection
	GlobalSection(SolutionProperties) = preSolution
		HideSolutionNode = FALSE
	EndGlobalSection
EndGlobal
